
Microsoft Visual Studio Solution File, Format Version 12.00
# Visual Studio Version 17
VisualStudioVersion = 17.7.34221.43
MinimumVisualStudioVersion = 10.0.40219.1
Project("{FAE04EC0-301F-11D3-BF4B-00C04F79EFBC}") = "WindowsFormsApp1", "WindowsFormsApp1.csproj", "{0E05FE21-4DC0-44FB-8482-6130CE224AE2}"
EndProject
Global
	GlobalSection(SolutionConfigurationPlatforms) = preSolution
		Debug|Any CPU = Debug|Any CPU
		Release|Any CPU = Release|Any CPU
	EndGlobalSection
	GlobalSection(ProjectConfigurationPlatforms) = postSolution
		{0E05FE21-4DC0-44FB-8482-6130CE224AE2}.Debug|Any CPU.ActiveCfg = Debug|Any CPU
		{0E05FE21-4DC0-44FB-8482-6130CE224AE2}.Debug|Any CPU.Build.0 = Debug|Any CPU
		{0E05FE21-4DC0-44FB-8482-6130CE224AE2}.Release|Any CPU.ActiveCfg = Release|Any CPU
		{0E05FE21-4DC0-44FB-8482-6130CE224AE2}.Release|Any CPU.Build.0 = Release|Any CPU
	EndGlobalSection
	GlobalSection(SolutionProperties) = preSolution
		HideSolutionNode = FALSE
	EndGlobalSection
	GlobalSection(ExtensibilityGlobals) = postSolution
		SolutionGuid = {D73AC63B-E4F1-4DFD-9F8A-92559DC53E55}
	EndGlobalSection
EndGlobal
